{
  "name": "maps",
  "lockfileVersion": 2,
  "requires": true,
  "packages": {
    "": {
      "dependencies": {
        "@types/faker": "^5.1.6",
        "@types/googlemaps": "^3.43.3",
        "faker": "^5.4.0"
      },
      "devDependencies": {
        "typescript": "^4.1.5"
      }
    },
    "node_modules/@types/faker": {
      "version": "5.1.6",
      "resolved": "https://registry.npmjs.org/@types/faker/-/faker-5.1.6.tgz",
      "integrity": "sha512-D+gfFWR/YCvlrYL8lgNZO1jKgIUW+cfhxsgMOqUMYwCI+tl0htD7vCCXp/oJsIxJpxuI7zqmo3gpVQBkFCM4iA=="
    },
    "node_modules/@types/googlemaps": {
      "version": "3.43.3",
      "resolved": "https://registry.npmjs.org/@types/googlemaps/-/googlemaps-3.43.3.tgz",
      "integrity": "sha512-ZWNoz/O8MPEpiajvj7QiqCY8tTLFNqNZ/a+s+zTV58wFVNAvvqV4bdGfnsjTb5Cs4V6wEsLrX8XRhmnyYJ2Tdg=="
    },
    "node_modules/faker": {
      "version": "5.4.0",
      "resolved": "https://registry.npmjs.org/faker/-/faker-5.4.0.tgz",
      "integrity": "sha512-Y9n/Ky/xZx/Bj8DePvXspUYRtHl/rGQytoIT5LaxmNwSe3wWyOeOXb3lT6Dpipq240PVpeFaGKzScz/5fvff2g=="
    },
    "node_modules/typescript": {
      "version": "4.1.5",
      "resolved": "https://registry.npmjs.org/typescript/-/typescript-4.1.5.tgz",
      "integrity": "sha512-6OSu9PTIzmn9TCDiovULTnET6BgXtDYL4Gg4szY+cGsc3JP1dQL8qvE8kShTRx1NIw4Q9IBHlwODjkjWEtMUyA==",
      "dev": true,
      "bin": {
        "tsc": "bin/tsc",
        "tsserver": "bin/tsserver"
      },
      "engines": {
        "node": ">=4.2.0"
      }
    }
  },
  "dependencies": {
    "@types/faker": {
      "version": "5.1.6",
      "resolved": "https://registry.npmjs.org/@types/faker/-/faker-5.1.6.tgz",
      "integrity": "sha512-D+gfFWR/YCvlrYL8lgNZO1jKgIUW+cfhxsgMOqUMYwCI+tl0htD7vCCXp/oJsIxJpxuI7zqmo3gpVQBkFCM4iA=="
    },
    "@types/googlemaps": {
      "version": "3.43.3",
      "resolved": "https://registry.npmjs.org/@types/googlemaps/-/googlemaps-3.43.3.tgz",
      "integrity": "sha512-ZWNoz/O8MPEpiajvj7QiqCY8tTLFNqNZ/a+s+zTV58wFVNAvvqV4bdGfnsjTb5Cs4V6wEsLrX8XRhmnyYJ2Tdg=="
    },
    "faker": {
      "version": "5.4.0",
      "resolved": "https://registry.npmjs.org/faker/-/faker-5.4.0.tgz",
      "integrity": "sha512-Y9n/Ky/xZx/Bj8DePvXspUYRtHl/rGQytoIT5LaxmNwSe3wWyOeOXb3lT6Dpipq240PVpeFaGKzScz/5fvff2g=="
    },
    "typescript": {
      "version": "4.1.5",
      "resolved": "https://registry.npmjs.org/typescript/-/typescript-4.1.5.tgz",
      "integrity": "sha512-6OSu9PTIzmn9TCDiovULTnET6BgXtDYL4Gg4szY+cGsc3JP1dQL8qvE8kShTRx1NIw4Q9IBHlwODjkjWEtMUyA==",
      "dev": true
    }
  }
}
